{
  "name": "gatodeveloper",
  "version": "1.0.0",
  "lockfileVersion": 1,
  "requires": true,
  "dependencies": {
    "hagrid.io": {
      "version": "0.0.8",
      "resolved": "https://registry.npmjs.org/hagrid.io/-/hagrid.io-0.0.8.tgz",
      "integrity": "sha1-DpD6L7rstcPpSfYBnp04UWDrWSY=",
      "requires": {
        "html.js": "^0.12.1",
        "sizzle": "^2.3.3",
        "umbrellajs": "^2.6.7",
        "zepto": "^1.2.0"
      }
    },
    "html.js": {
      "version": "0.12.1",
      "resolved": "https://registry.npmjs.org/html.js/-/html.js-0.12.1.tgz",
      "integrity": "sha1-t/zydf2O+JN6Q8A5MgENzPYomaI="
    },
    "sizzle": {
      "version": "2.3.4",
      "resolved": "https://registry.npmjs.org/sizzle/-/sizzle-2.3.4.tgz",
      "integrity": "sha512-Mf37VjirD7RqCVeYgI8jb5K0DymIho/jNJqDgIkMs4cgKbEkvsow8Q6hpvF7Zmys9iEif0oW41hgbeWVZwABJw=="
    },
    "umbrellajs": {
      "version": "2.10.3",
      "resolved": "https://registry.npmjs.org/umbrellajs/-/umbrellajs-2.10.3.tgz",
      "integrity": "sha512-qLiOipfV9Br2vilPMMZg/QByrxrD+CiI3JddiLri6C7WCBnUIzE3VmT13hVVbWwwW6KDzBxiOCpiLJIbntUAiA=="
    },
    "zepto": {
      "version": "1.2.0",
      "resolved": "https://registry.npmjs.org/zepto/-/zepto-1.2.0.tgz",
      "integrity": "sha1-4Se9nmb9hGvl6rSME5SIL3wOT5g="
    }
  }
}
